// !$*UTF8*$!
{
	archiveVersion = 1;
	classes = {
	};
	objectVersion = 46;
	objects = {

/* Begin PBXBuildFile section */
		5308EC5A18F8169100B62723 /* KAWebViewController.m in Sources */ = {isa = PBXBuildFile; fileRef = 5308EC5818F8169100B62723 /* KAWebViewController.m */; };
		53466B5618F9A50400F610E9 /* KAWToolbarItems.m in Sources */ = {isa = PBXBuildFile; fileRef = 53466B5518F9A50400F610E9 /* KAWToolbarItems.m */; };
		53750A9D18FC04870094BED7 /* KAWebViewController.xcassets in Resources */ = {isa = PBXBuildFile; fileRef = 53750A9C18FC04870094BED7 /* KAWebViewController.xcassets */; };
		538A67B51945D75A004727F5 /* KAWebViewController.swift in Sources */ = {isa = PBXBuildFile; fileRef = 538A67B41945D75A004727F5 /* KAWebViewController.swift */; };
		539B400018F4555C00A866F2 /* Foundation.framework in Frameworks */ = {isa = PBXBuildFile; fileRef = 539B3FFF18F4555B00A866F2 /* Foundation.framework */; };
		539B400218F4555C00A866F2 /* CoreGraphics.framework in Frameworks */ = {isa = PBXBuildFile; fileRef = 539B400118F4555C00A866F2 /* CoreGraphics.framework */; };
		539B400418F4555C00A866F2 /* UIKit.framework in Frameworks */ = {isa = PBXBuildFile; fileRef = 539B400318F4555C00A866F2 /* UIKit.framework */; };
		539B400A18F4555C00A866F2 /* InfoPlist.strings in Resources */ = {isa = PBXBuildFile; fileRef = 539B400818F4555C00A866F2 /* InfoPlist.strings */; };
		539B400C18F4555C00A866F2 /* main.m in Sources */ = {isa = PBXBuildFile; fileRef = 539B400B18F4555C00A866F2 /* main.m */; };
		539B401018F4555C00A866F2 /* KAWAppDelegate.m in Sources */ = {isa = PBXBuildFile; fileRef = 539B400F18F4555C00A866F2 /* KAWAppDelegate.m */; };
		539B401318F4555C00A866F2 /* Main.storyboard in Resources */ = {isa = PBXBuildFile; fileRef = 539B401118F4555C00A866F2 /* Main.storyboard */; };
		539B401818F4555C00A866F2 /* Images.xcassets in Resources */ = {isa = PBXBuildFile; fileRef = 539B401718F4555C00A866F2 /* Images.xcassets */; };
		539B401F18F4555C00A866F2 /* XCTest.framework in Frameworks */ = {isa = PBXBuildFile; fileRef = 539B401E18F4555C00A866F2 /* XCTest.framework */; };
		539B402018F4555C00A866F2 /* Foundation.framework in Frameworks */ = {isa = PBXBuildFile; fileRef = 539B3FFF18F4555B00A866F2 /* Foundation.framework */; };
		539B402118F4555C00A866F2 /* UIKit.framework in Frameworks */ = {isa = PBXBuildFile; fileRef = 539B400318F4555C00A866F2 /* UIKit.framework */; };
		539B402918F4555C00A866F2 /* InfoPlist.strings in Resources */ = {isa = PBXBuildFile; fileRef = 539B402718F4555C00A866F2 /* InfoPlist.strings */; };
		539B402B18F4555C00A866F2 /* KAWebViewControllerTests.m in Sources */ = {isa = PBXBuildFile; fileRef = 539B402A18F4555C00A866F2 /* KAWebViewControllerTests.m */; };
		539B403618F567C200A866F2 /* DemoViewController.m in Sources */ = {isa = PBXBuildFile; fileRef = 539B403518F567C200A866F2 /* DemoViewController.m */; };
		53E6929018F9696500F67472 /* KAWModalWebViewController.m in Sources */ = {isa = PBXBuildFile; fileRef = 53E6928F18F9696500F67472 /* KAWModalWebViewController.m */; };
/* End PBXBuildFile section */

/* Begin PBXContainerItemProxy section */
		539B402218F4555C00A866F2 /* PBXContainerItemProxy */ = {
			isa = PBXContainerItemProxy;
			containerPortal = 539B3FF418F4555B00A866F2 /* Project object */;
			proxyType = 1;
			remoteGlobalIDString = 539B3FFB18F4555B00A866F2;
			remoteInfo = KAWebViewController;
		};
/* End PBXContainerItemProxy section */

/* Begin PBXFileReference section */
		5308EC5718F8169100B62723 /* KAWebViewController.h */ = {isa = PBXFileReference; fileEncoding = 4; lastKnownFileType = sourcecode.c.h; path = KAWebViewController.h; sourceTree = "<group>"; };
		5308EC5818F8169100B62723 /* KAWebViewController.m */ = {isa = PBXFileReference; fileEncoding = 4; lastKnownFileType = sourcecode.c.objc; path = KAWebViewController.m; sourceTree = "<group>"; };
		53466B5418F9A50400F610E9 /* KAWToolbarItems.h */ = {isa = PBXFileReference; fileEncoding = 4; lastKnownFileType = sourcecode.c.h; path = KAWToolbarItems.h; sourceTree = "<group>"; };
		53466B5518F9A50400F610E9 /* KAWToolbarItems.m */ = {isa = PBXFileReference; fileEncoding = 4; lastKnownFileType = sourcecode.c.objc; path = KAWToolbarItems.m; sourceTree = "<group>"; };
		53750A9C18FC04870094BED7 /* KAWebViewController.xcassets */ = {isa = PBXFileReference; lastKnownFileType = folder.assetcatalog; path = KAWebViewController.xcassets; sourceTree = "<group>"; };
		538A67B41945D75A004727F5 /* KAWebViewController.swift */ = {isa = PBXFileReference; fileEncoding = 4; lastKnownFileType = sourcecode.swift; path = KAWebViewController.swift; sourceTree = "<group>"; };
		539B3FFC18F4555B00A866F2 /* KAWebViewController.app */ = {isa = PBXFileReference; explicitFileType = wrapper.application; includeInIndex = 0; path = KAWebViewController.app; sourceTree = BUILT_PRODUCTS_DIR; };
		539B3FFF18F4555B00A866F2 /* Foundation.framework */ = {isa = PBXFileReference; lastKnownFileType = wrapper.framework; name = Foundation.framework; path = System/Library/Frameworks/Foundation.framework; sourceTree = SDKROOT; };
		539B400118F4555C00A866F2 /* CoreGraphics.framework */ = {isa = PBXFileReference; lastKnownFileType = wrapper.framework; name = CoreGraphics.framework; path = System/Library/Frameworks/CoreGraphics.framework; sourceTree = SDKROOT; };
		539B400318F4555C00A866F2 /* UIKit.framework */ = {isa = PBXFileReference; lastKnownFileType = wrapper.framework; name = UIKit.framework; path = System/Library/Frameworks/UIKit.framework; sourceTree = SDKROOT; };
		539B400718F4555C00A866F2 /* KAWebViewController-Info.plist */ = {isa = PBXFileReference; lastKnownFileType = text.plist.xml; path = "KAWebViewController-Info.plist"; sourceTree = "<group>"; };
		539B400918F4555C00A866F2 /* en */ = {isa = PBXFileReference; lastKnownFileType = text.plist.strings; name = en; path = en.lproj/InfoPlist.strings; sourceTree = "<group>"; };
		539B400B18F4555C00A866F2 /* main.m */ = {isa = PBXFileReference; lastKnownFileType = sourcecode.c.objc; path = main.m; sourceTree = "<group>"; };
		539B400D18F4555C00A866F2 /* KAWebViewController-Prefix.pch */ = {isa = PBXFileReference; lastKnownFileType = sourcecode.c.h; path = "KAWebViewController-Prefix.pch"; sourceTree = "<group>"; };
		539B400E18F4555C00A866F2 /* KAWAppDelegate.h */ = {isa = PBXFileReference; lastKnownFileType = sourcecode.c.h; path = KAWAppDelegate.h; sourceTree = "<group>"; };
		539B400F18F4555C00A866F2 /* KAWAppDelegate.m */ = {isa = PBXFileReference; lastKnownFileType = sourcecode.c.objc; path = KAWAppDelegate.m; sourceTree = "<group>"; };
		539B401218F4555C00A866F2 /* Base */ = {isa = PBXFileReference; lastKnownFileType = file.storyboard; name = Base; path = Base.lproj/Main.storyboard; sourceTree = "<group>"; };
		539B401718F4555C00A866F2 /* Images.xcassets */ = {isa = PBXFileReference; lastKnownFileType = folder.assetcatalog; path = Images.xcassets; sourceTree = "<group>"; };
		539B401D18F4555C00A866F2 /* KAWebViewControllerTests.xctest */ = {isa = PBXFileReference; explicitFileType = wrapper.cfbundle; includeInIndex = 0; path = KAWebViewControllerTests.xctest; sourceTree = BUILT_PRODUCTS_DIR; };
		539B401E18F4555C00A866F2 /* XCTest.framework */ = {isa = PBXFileReference; lastKnownFileType = wrapper.framework; name = XCTest.framework; path = Library/Frameworks/XCTest.framework; sourceTree = DEVELOPER_DIR; };
		539B402618F4555C00A866F2 /* KAWebViewControllerTests-Info.plist */ = {isa = PBXFileReference; lastKnownFileType = text.plist.xml; path = "KAWebViewControllerTests-Info.plist"; sourceTree = "<group>"; };
		539B402818F4555C00A866F2 /* en */ = {isa = PBXFileReference; lastKnownFileType = text.plist.strings; name = en; path = en.lproj/InfoPlist.strings; sourceTree = "<group>"; };
		539B402A18F4555C00A866F2 /* KAWebViewControllerTests.m */ = {isa = PBXFileReference; lastKnownFileType = sourcecode.c.objc; path = KAWebViewControllerTests.m; sourceTree = "<group>"; };
		539B403418F567C200A866F2 /* DemoViewController.h */ = {isa = PBXFileReference; fileEncoding = 4; lastKnownFileType = sourcecode.c.h; path = DemoViewController.h; sourceTree = "<group>"; };
		539B403518F567C200A866F2 /* DemoViewController.m */ = {isa = PBXFileReference; fileEncoding = 4; lastKnownFileType = sourcecode.c.objc; path = DemoViewController.m; sourceTree = "<group>"; };
		53E6928E18F9696500F67472 /* KAWModalWebViewController.h */ = {isa = PBXFileReference; fileEncoding = 4; lastKnownFileType = sourcecode.c.h; path = KAWModalWebViewController.h; sourceTree = "<group>"; };
		53E6928F18F9696500F67472 /* KAWModalWebViewController.m */ = {isa = PBXFileReference; fileEncoding = 4; lastKnownFileType = sourcecode.c.objc; path = KAWModalWebViewController.m; sourceTree = "<group>"; };
/* End PBXFileReference section */

/* Begin PBXFrameworksBuildPhase section */
		539B3FF918F4555B00A866F2 /* Frameworks */ = {
			isa = PBXFrameworksBuildPhase;
			buildActionMask = 2147483647;
			files = (
				539B400218F4555C00A866F2 /* CoreGraphics.framework in Frameworks */,
				539B400418F4555C00A866F2 /* UIKit.framework in Frameworks */,
				539B400018F4555C00A866F2 /* Foundation.framework in Frameworks */,
			);
			runOnlyForDeploymentPostprocessing = 0;
		};
		539B401A18F4555C00A866F2 /* Frameworks */ = {
			isa = PBXFrameworksBuildPhase;
			buildActionMask = 2147483647;
			files = (
				539B401F18F4555C00A866F2 /* XCTest.framework in Frameworks */,
				539B402118F4555C00A866F2 /* UIKit.framework in Frameworks */,
				539B402018F4555C00A866F2 /* Foundation.framework in Frameworks */,
			);
			runOnlyForDeploymentPostprocessing = 0;
		};
/* End PBXFrameworksBuildPhase section */

/* Begin PBXGroup section */
		5308EC5618F8169100B62723 /* KAWebViewController */ = {
			isa = PBXGroup;
			children = (
				53750A9C18FC04870094BED7 /* KAWebViewController.xcassets */,
				53E6928E18F9696500F67472 /* KAWModalWebViewController.h */,
				53E6928F18F9696500F67472 /* KAWModalWebViewController.m */,
				5308EC5718F8169100B62723 /* KAWebViewController.h */,
				5308EC5818F8169100B62723 /* KAWebViewController.m */,
				53466B5418F9A50400F610E9 /* KAWToolbarItems.h */,
				53466B5518F9A50400F610E9 /* KAWToolbarItems.m */,
			);
			path = KAWebViewController;
			sourceTree = "<group>";
		};
		538A67B61945D761004727F5 /* Swift */ = {
			isa = PBXGroup;
			children = (
				538A67B41945D75A004727F5 /* KAWebViewController.swift */,
			);
			name = Swift;
			sourceTree = "<group>";
		};
		539B3FF318F4555B00A866F2 = {
			isa = PBXGroup;
			children = (
				539B400518F4555C00A866F2 /* KAWebViewController */,
				539B402418F4555C00A866F2 /* KAWebViewControllerTests */,
				539B3FFE18F4555B00A866F2 /* Frameworks */,
				539B3FFD18F4555B00A866F2 /* Products */,
			);
			sourceTree = "<group>";
		};
		539B3FFD18F4555B00A866F2 /* Products */ = {
			isa = PBXGroup;
			children = (
				539B3FFC18F4555B00A866F2 /* KAWebViewController.app */,
				539B401D18F4555C00A866F2 /* KAWebViewControllerTests.xctest */,
			);
			name = Products;
			sourceTree = "<group>";
		};
		539B3FFE18F4555B00A866F2 /* Frameworks */ = {
			isa = PBXGroup;
			children = (
				539B3FFF18F4555B00A866F2 /* Foundation.framework */,
				539B400118F4555C00A866F2 /* CoreGraphics.framework */,
				539B400318F4555C00A866F2 /* UIKit.framework */,
				539B401E18F4555C00A866F2 /* XCTest.framework */,
			);
			name = Frameworks;
			sourceTree = "<group>";
		};
		539B400518F4555C00A866F2 /* KAWebViewController */ = {
			isa = PBXGroup;
			children = (
				538A67B61945D761004727F5 /* Swift */,
				5308EC5618F8169100B62723 /* KAWebViewController */,
				539B403918F5AF3A00A866F2 /* iPad */,
				539B400E18F4555C00A866F2 /* KAWAppDelegate.h */,
				539B400F18F4555C00A866F2 /* KAWAppDelegate.m */,
				539B401118F4555C00A866F2 /* Main.storyboard */,
				539B403418F567C200A866F2 /* DemoViewController.h */,
				539B403518F567C200A866F2 /* DemoViewController.m */,
				539B401718F4555C00A866F2 /* Images.xcassets */,
				539B400618F4555C00A866F2 /* Supporting Files */,
			);
			path = KAWebViewController;
			sourceTree = "<group>";
		};
		539B400618F4555C00A866F2 /* Supporting Files */ = {
			isa = PBXGroup;
			children = (
				539B400718F4555C00A866F2 /* KAWebViewController-Info.plist */,
				539B400818F4555C00A866F2 /* InfoPlist.strings */,
				539B400B18F4555C00A866F2 /* main.m */,
				539B400D18F4555C00A866F2 /* KAWebViewController-Prefix.pch */,
			);
			name = "Supporting Files";
			sourceTree = "<group>";
		};
		539B402418F4555C00A866F2 /* KAWebViewControllerTests */ = {
			isa = PBXGroup;
			children = (
				539B402A18F4555C00A866F2 /* KAWebViewControllerTests.m */,
				539B402518F4555C00A866F2 /* Supporting Files */,
			);
			path = KAWebViewControllerTests;
			sourceTree = "<group>";
		};
		539B402518F4555C00A866F2 /* Supporting Files */ = {
			isa = PBXGroup;
			children = (
				539B402618F4555C00A866F2 /* KAWebViewControllerTests-Info.plist */,
				539B402718F4555C00A866F2 /* InfoPlist.strings */,
			);
			name = "Supporting Files";
			sourceTree = "<group>";
		};
		539B403918F5AF3A00A866F2 /* iPad */ = {
			isa = PBXGroup;
			children = (
			);
			name = iPad;
			sourceTree = "<group>";
		};
/* End PBXGroup section */

/* Begin PBXNativeTarget section */
		539B3FFB18F4555B00A866F2 /* KAWebViewController */ = {
			isa = PBXNativeTarget;
			buildConfigurationList = 539B402E18F4555C00A866F2 /* Build configuration list for PBXNativeTarget "KAWebViewController" */;
			buildPhases = (
				539B3FF818F4555B00A866F2 /* Sources */,
				539B3FF918F4555B00A866F2 /* Frameworks */,
				539B3FFA18F4555B00A866F2 /* Resources */,
			);
			buildRules = (
			);
			dependencies = (
			);
			name = KAWebViewController;
			productName = KAWebViewController;
			productReference = 539B3FFC18F4555B00A866F2 /* KAWebViewController.app */;
			productType = "com.apple.product-type.application";
		};
		539B401C18F4555C00A866F2 /* KAWebViewControllerTests */ = {
			isa = PBXNativeTarget;
			buildConfigurationList = 539B403118F4555C00A866F2 /* Build configuration list for PBXNativeTarget "KAWebViewControllerTests" */;
			buildPhases = (
				539B401918F4555C00A866F2 /* Sources */,
				539B401A18F4555C00A866F2 /* Frameworks */,
				539B401B18F4555C00A866F2 /* Resources */,
			);
			buildRules = (
			);
			dependencies = (
				539B402318F4555C00A866F2 /* PBXTargetDependency */,
			);
			name = KAWebViewControllerTests;
			productName = KAWebViewControllerTests;
			productReference = 539B401D18F4555C00A866F2 /* KAWebViewControllerTests.xctest */;
			productType = "com.apple.product-type.bundle.unit-test";
		};
/* End PBXNativeTarget section */

/* Begin PBXProject section */
		539B3FF418F4555B00A866F2 /* Project object */ = {
			isa = PBXProject;
			attributes = {
				CLASSPREFIX = KAW;
				LastUpgradeCheck = 0510;
				ORGANIZATIONNAME = "Kyle Adams";
				TargetAttributes = {
					539B401C18F4555C00A866F2 = {
						TestTargetID = 539B3FFB18F4555B00A866F2;
					};
				};
			};
			buildConfigurationList = 539B3FF718F4555B00A866F2 /* Build configuration list for PBXProject "KAWebViewController" */;
			compatibilityVersion = "Xcode 3.2";
			developmentRegion = English;
			hasScannedForEncodings = 0;
			knownRegions = (
				en,
				Base,
			);
			mainGroup = 539B3FF318F4555B00A866F2;
			productRefGroup = 539B3FFD18F4555B00A866F2 /* Products */;
			projectDirPath = "";
			projectRoot = "";
			targets = (
				539B3FFB18F4555B00A866F2 /* KAWebViewController */,
				539B401C18F4555C00A866F2 /* KAWebViewControllerTests */,
			);
		};
/* End PBXProject section */

/* Begin PBXResourcesBuildPhase section */
		539B3FFA18F4555B00A866F2 /* Resources */ = {
			isa = PBXResourcesBuildPhase;
			buildActionMask = 2147483647;
			files = (
				539B401818F4555C00A866F2 /* Images.xcassets in Resources */,
				53750A9D18FC04870094BED7 /* KAWebViewController.xcassets in Resources */,
				539B400A18F4555C00A866F2 /* InfoPlist.strings in Resources */,
				539B401318F4555C00A866F2 /* Main.storyboard in Resources */,
			);
			runOnlyForDeploymentPostprocessing = 0;
		};
		539B401B18F4555C00A866F2 /* Resources */ = {
			isa = PBXResourcesBuildPhase;
			buildActionMask = 2147483647;
			files = (
				539B402918F4555C00A866F2 /* InfoPlist.strings in Resources */,
			);
			runOnlyForDeploymentPostprocessing = 0;
		};
/* End PBXResourcesBuildPhase section */

/* Begin PBXSourcesBuildPhase section */
		539B3FF818F4555B00A866F2 /* Sources */ = {
			isa = PBXSourcesBuildPhase;
			buildActionMask = 2147483647;
			files = (
				539B401018F4555C00A866F2 /* KAWAppDelegate.m in Sources */,
				53E6929018F9696500F67472 /* KAWModalWebViewController.m in Sources */,
				53466B5618F9A50400F610E9 /* KAWToolbarItems.m in Sources */,
				5308EC5A18F8169100B62723 /* KAWebViewController.m in Sources */,
				539B400C18F4555C00A866F2 /* main.m in Sources */,
				538A67B51945D75A004727F5 /* KAWebViewController.swift in Sources */,
				539B403618F567C200A866F2 /* DemoViewController.m in Sources */,
			);
			runOnlyForDeploymentPostprocessing = 0;
		};
		539B401918F4555C00A866F2 /* Sources */ = {
			isa = PBXSourcesBuildPhase;
			buildActionMask = 2147483647;
			files = (
				539B402B18F4555C00A866F2 /* KAWebViewControllerTests.m in Sources */,
			);
			runOnlyForDeploymentPostprocessing = 0;
		};
/* End PBXSourcesBuildPhase section */

/* Begin PBXTargetDependency section */
		539B402318F4555C00A866F2 /* PBXTargetDependency */ = {
			isa = PBXTargetDependency;
			target = 539B3FFB18F4555B00A866F2 /* KAWebViewController */;
			targetProxy = 539B402218F4555C00A866F2 /* PBXContainerItemProxy */;
		};
/* End PBXTargetDependency section */

/* Begin PBXVariantGroup section */
		539B400818F4555C00A866F2 /* InfoPlist.strings */ = {
			isa = PBXVariantGroup;
			children = (
				539B400918F4555C00A866F2 /* en */,
			);
			name = InfoPlist.strings;
			sourceTree = "<group>";
		};
		539B401118F4555C00A866F2 /* Main.storyboard */ = {
			isa = PBXVariantGroup;
			children = (
				539B401218F4555C00A866F2 /* Base */,
			);
			name = Main.storyboard;
			sourceTree = "<group>";
		};
		539B402718F4555C00A866F2 /* InfoPlist.strings */ = {
			isa = PBXVariantGroup;
			children = (
				539B402818F4555C00A866F2 /* en */,
			);
			name = InfoPlist.strings;
			sourceTree = "<group>";
		};
/* End PBXVariantGroup section */

/* Begin XCBuildConfiguration section */
		539B402C18F4555C00A866F2 /* Debug */ = {
			isa = XCBuildConfiguration;
			buildSettings = {
				ALWAYS_SEARCH_USER_PATHS = NO;
				CLANG_CXX_LANGUAGE_STANDARD = "gnu++0x";
				CLANG_CXX_LIBRARY = "libc++";
				CLANG_ENABLE_MODULES = YES;
				CLANG_ENABLE_OBJC_ARC = YES;
				CLANG_WARN_BOOL_CONVERSION = YES;
				CLANG_WARN_CONSTANT_CONVERSION = YES;
				CLANG_WARN_DIRECT_OBJC_ISA_USAGE = YES_ERROR;
				CLANG_WARN_EMPTY_BODY = YES;
				CLANG_WARN_ENUM_CONVERSION = YES;
				CLANG_WARN_INT_CONVERSION = YES;
				CLANG_WARN_OBJC_ROOT_CLASS = YES_ERROR;
				CLANG_WARN__DUPLICATE_METHOD_MATCH = YES;
				"CODE_SIGN_IDENTITY[sdk=iphoneos*]" = "iPhone Developer";
				COPY_PHASE_STRIP = NO;
				GCC_C_LANGUAGE_STANDARD = gnu99;
				GCC_DYNAMIC_NO_PIC = NO;
				GCC_OPTIMIZATION_LEVEL = 0;
				GCC_PREPROCESSOR_DEFINITIONS = (
					"DEBUG=1",
					"$(inherited)",
				);
				GCC_SYMBOLS_PRIVATE_EXTERN = NO;
				GCC_WARN_64_TO_32_BIT_CONVERSION = YES;
				GCC_WARN_ABOUT_RETURN_TYPE = YES_ERROR;
				GCC_WARN_UNDECLARED_SELECTOR = YES;
				GCC_WARN_UNINITIALIZED_AUTOS = YES_AGGRESSIVE;
				GCC_WARN_UNUSED_FUNCTION = YES;
				GCC_WARN_UNUSED_VARIABLE = YES;
				IPHONEOS_DEPLOYMENT_TARGET = 7.1;
				ONLY_ACTIVE_ARCH = YES;
				SDKROOT = iphoneos;
			};
			name = Debug;
		};
		539B402D18F4555C00A866F2 /* Release */ = {
			isa = XCBuildConfiguration;
			buildSettings = {
				ALWAYS_SEARCH_USER_PATHS = NO;
				CLANG_CXX_LANGUAGE_STANDARD = "gnu++0x";
				CLANG_CXX_LIBRARY = "libc++";
				CLANG_ENABLE_MODULES = YES;
				CLANG_ENABLE_OBJC_ARC = YES;
				CLANG_WARN_BOOL_CONVERSION = YES;
				CLANG_WARN_CONSTANT_CONVERSION = YES;
				CLANG_WARN_DIRECT_OBJC_ISA_USAGE = YES_ERROR;
				CLANG_WARN_EMPTY_BODY = YES;
				CLANG_WARN_ENUM_CONVERSION = YES;
				CLANG_WARN_INT_CONVERSION = YES;
				CLANG_WARN_OBJC_ROOT_CLASS = YES_ERROR;
				CLANG_WARN__DUPLICATE_METHOD_MATCH = YES;
				"CODE_SIGN_IDENTITY[sdk=iphoneos*]" = "iPhone Developer";
				COPY_PHASE_STRIP = YES;
				ENABLE_NS_ASSERTIONS = NO;
				GCC_C_LANGUAGE_STANDARD = gnu99;
				GCC_WARN_64_TO_32_BIT_CONVERSION = YES;
				GCC_WARN_ABOUT_RETURN_TYPE = YES_ERROR;
				GCC_WARN_UNDECLARED_SELECTOR = YES;
				GCC_WARN_UNINITIALIZED_AUTOS = YES_AGGRESSIVE;
				GCC_WARN_UNUSED_FUNCTION = YES;
				GCC_WARN_UNUSED_VARIABLE = YES;
				IPHONEOS_DEPLOYMENT_TARGET = 7.1;
				SDKROOT = iphoneos;
				VALIDATE_PRODUCT = YES;
			};
			name = Release;
		};
		539B402F18F4555C00A866F2 /* Debug */ = {
			isa = XCBuildConfiguration;
			buildSettings = {
				ASSETCATALOG_COMPILER_APPICON_NAME = AppIcon;
				ASSETCATALOG_COMPILER_LAUNCHIMAGE_NAME = LaunchImage;
				CLANG_ENABLE_MODULES = YES;
				GCC_PRECOMPILE_PREFIX_HEADER = YES;
				GCC_PREFIX_HEADER = "KAWebViewController/KAWebViewController-Prefix.pch";
				INFOPLIST_FILE = "KAWebViewController/KAWebViewController-Info.plist";
				IPHONEOS_DEPLOYMENT_TARGET = 6.1;
				LD_RUNPATH_SEARCH_PATHS = "$(inherited) @executable_path/Frameworks";
				PRODUCT_NAME = "$(TARGET_NAME)";
				SWIFT_OPTIMIZATION_LEVEL = "-Onone";
				TARGETED_DEVICE_FAMILY = "1,2";
				WRAPPER_EXTENSION = app;
			};
			name = Debug;
		};
		539B403018F4555C00A866F2 /* Release */ = {
			isa = XCBuildConfiguration;
			buildSettings = {
				ASSETCATALOG_COMPILER_APPICON_NAME = AppIcon;
				ASSETCATALOG_COMPILER_LAUNCHIMAGE_NAME = LaunchImage;
				CLANG_ENABLE_MODULES = YES;
				GCC_PRECOMPILE_PREFIX_HEADER = YES;
				GCC_PREFIX_HEADER = "KAWebViewController/KAWebViewController-Prefix.pch";
				INFOPLIST_FILE = "KAWebViewController/KAWebViewController-Info.plist";
				IPHONEOS_DEPLOYMENT_TARGET = 6.1;
				LD_RUNPATH_SEARCH_PATHS = "$(inherited) @executable_path/Frameworks";
				PRODUCT_NAME = "$(TARGET_NAME)";
				TARGETED_DEVICE_FAMILY = "1,2";
				WRAPPER_EXTENSION = app;
			};
			name = Release;
		};
		539B403218F4555C00A866F2 /* Debug */ = {
			isa = XCBuildConfiguration;
			buildSettings = {
				BUNDLE_LOADER = "$(BUILT_PRODUCTS_DIR)/KAWebViewController.app/KAWebViewController";
				FRAMEWORK_SEARCH_PATHS = (
					"$(SDKROOT)/Developer/Library/Frameworks",
					"$(inherited)",
					"$(DEVELOPER_FRAMEWORKS_DIR)",
				);
				GCC_PRECOMPILE_PREFIX_HEADER = YES;
				GCC_PREFIX_HEADER = "KAWebViewController/KAWebViewController-Prefix.pch";
				GCC_PREPROCESSOR_DEFINITIONS = (
					"DEBUG=1",
					"$(inherited)",
				);
				INFOPLIST_FILE = "KAWebViewControllerTests/KAWebViewControllerTests-Info.plist";
				PRODUCT_NAME = "$(TARGET_NAME)";
				TEST_HOST = "$(BUNDLE_LOADER)";
				WRAPPER_EXTENSION = xctest;
			};
			name = Debug;
		};
		539B403318F4555C00A866F2 /* Release */ = {
			isa = XCBuildConfiguration;
			buildSettings = {
				BUNDLE_LOADER = "$(BUILT_PRODUCTS_DIR)/KAWebViewController.app/KAWebViewController";
				FRAMEWORK_SEARCH_PATHS = (
					"$(SDKROOT)/Developer/Library/Frameworks",
					"$(inherited)",
					"$(DEVELOPER_FRAMEWORKS_DIR)",
				);
				GCC_PRECOMPILE_PREFIX_HEADER = YES;
				GCC_PREFIX_HEADER = "KAWebViewController/KAWebViewController-Prefix.pch";
				INFOPLIST_FILE = "KAWebViewControllerTests/KAWebViewControllerTests-Info.plist";
				PRODUCT_NAME = "$(TARGET_NAME)";
				TEST_HOST = "$(BUNDLE_LOADER)";
				WRAPPER_EXTENSION = xctest;
			};
			name = Release;
		};
/* End XCBuildConfiguration section */

/* Begin XCConfigurationList section */
		539B3FF718F4555B00A866F2 /* Build configuration list for PBXProject "KAWebViewController" */ = {
			isa = XCConfigurationList;
			buildConfigurations = (
				539B402C18F4555C00A866F2 /* Debug */,
				539B402D18F4555C00A866F2 /* Release */,
			);
			defaultConfigurationIsVisible = 0;
			defaultConfigurationName = Release;
		};
		539B402E18F4555C00A866F2 /* Build configuration list for PBXNativeTarget "KAWebViewController" */ = {
			isa = XCConfigurationList;
			buildConfigurations = (
				539B402F18F4555C00A866F2 /* Debug */,
				539B403018F4555C00A866F2 /* Release */,
			);
			defaultConfigurationIsVisible = 0;
			defaultConfigurationName = Release;
		};
		539B403118F4555C00A866F2 /* Build configuration list for PBXNativeTarget "KAWebViewControllerTests" */ = {
			isa = XCConfigurationList;
			buildConfigurations = (
				539B403218F4555C00A866F2 /* Debug */,
				539B403318F4555C00A866F2 /* Release */,
			);
			defaultConfigurationIsVisible = 0;
			defaultConfigurationName = Release;
		};
/* End XCConfigurationList section */
	};
	rootObject = 539B3FF418F4555B00A866F2 /* Project object */;
}
